
Microsoft Visual Studio Solution File, Format Version 12.00
# Visual Studio Version 16
VisualStudioVersion = 16.0.28803.156
MinimumVisualStudioVersion = 10.0.40219.1
Project("{FAE04EC0-301F-11D3-BF4B-00C04F79EFBC}") = "Facturacion", "Facturacion\Facturacion.csproj", "{ABD2CEC8-2B54-4624-AE04-95D9ADD77C79}"
EndProject
Project("{FAE04EC0-301F-11D3-BF4B-00C04F79EFBC}") = "MiLibreria", "MiLibreria\MiLibreria.csproj", "{EBA190C0-CC5C-4777-BD82-6931A0B6EC62}"
EndProject
Global
	GlobalSection(SolutionConfigurationPlatforms) = preSolution
		Debug|Any CPU = Debug|Any CPU
		Release|Any CPU = Release|Any CPU
	EndGlobalSection
	GlobalSection(ProjectConfigurationPlatforms) = postSolution
		{ABD2CEC8-2B54-4624-AE04-95D9ADD77C79}.Debug|Any CPU.ActiveCfg = Debug|Any CPU
		{ABD2CEC8-2B54-4624-AE04-95D9ADD77C79}.Debug|Any CPU.Build.0 = Debug|Any CPU
		{ABD2CEC8-2B54-4624-AE04-95D9ADD77C79}.Release|Any CPU.ActiveCfg = Release|Any CPU
		{ABD2CEC8-2B54-4624-AE04-95D9ADD77C79}.Release|Any CPU.Build.0 = Release|Any CPU
		{EBA190C0-CC5C-4777-BD82-6931A0B6EC62}.Debug|Any CPU.ActiveCfg = Debug|Any CPU
		{EBA190C0-CC5C-4777-BD82-6931A0B6EC62}.Debug|Any CPU.Build.0 = Debug|Any CPU
		{EBA190C0-CC5C-4777-BD82-6931A0B6EC62}.Release|Any CPU.ActiveCfg = Release|Any CPU
		{EBA190C0-CC5C-4777-BD82-6931A0B6EC62}.Release|Any CPU.Build.0 = Release|Any CPU
	EndGlobalSection
	GlobalSection(SolutionProperties) = preSolution
		HideSolutionNode = FALSE
	EndGlobalSection
	GlobalSection(ExtensibilityGlobals) = postSolution
		SolutionGuid = {5C8F58E8-87A8-4793-850D-6A3D8F5C2B1C}
	EndGlobalSection
EndGlobal
